
Microsoft Visual Studio Solution File, Format Version 12.00
# Visual Studio 15
VisualStudioVersion = 15.0.27130.2036
MinimumVisualStudioVersion = 10.0.40219.1
Project("{FAE04EC0-301F-11D3-BF4B-00C04F79EFBC}") = "NurseSchedulingApp", "NurseSchedulingApp\NurseSchedulingApp.csproj", "{A67692AF-2207-4149-B286-44531D5EFD1A}"
EndProject
Global
	GlobalSection(SolutionConfigurationPlatforms) = preSolution
		Debug|Any CPU = Debug|Any CPU
		Release|Any CPU = Release|Any CPU
	EndGlobalSection
	GlobalSection(ProjectConfigurationPlatforms) = postSolution
		{A67692AF-2207-4149-B286-44531D5EFD1A}.Debug|Any CPU.ActiveCfg = Debug|Any CPU
		{A67692AF-2207-4149-B286-44531D5EFD1A}.Debug|Any CPU.Build.0 = Debug|Any CPU
		{A67692AF-2207-4149-B286-44531D5EFD1A}.Release|Any CPU.ActiveCfg = Release|Any CPU
		{A67692AF-2207-4149-B286-44531D5EFD1A}.Release|Any CPU.Build.0 = Release|Any CPU
	EndGlobalSection
	GlobalSection(SolutionProperties) = preSolution
		HideSolutionNode = FALSE
	EndGlobalSection
	GlobalSection(ExtensibilityGlobals) = postSolution
		SolutionGuid = {8C17411C-D352-4A4D-8CE6-55F10BD70E53}
	EndGlobalSection
EndGlobal
